{
    "_readme": [
        "This file locks the dependencies of your project to a known state",
        "Read more about it at https://getcomposer.org/doc/01-basic-usage.md#installing-dependencies",
        "This file is @generated automatically"
    ],
    "content-hash": "c3dde67cf0fcc9080f33f9d91b30a867",
    "packages": [
        {
            "name": "irap/autoloader",
            "version": "1.0.2",
            "source": {
                "type": "git",
                "url": "https://github.com/iRAP-software/package-autoloader.git",
                "reference": "58d046d6d544991ca9bbb3ded746deb91c1b45cf"
            },
            "dist": {
                "type": "zip",
                "url": "https://api.github.com/repos/iRAP-software/package-autoloader/zipball/58d046d6d544991ca9bbb3ded746deb91c1b45cf",
                "reference": "58d046d6d544991ca9bbb3ded746deb91c1b45cf",
                "shasum": ""
            },
            "require": {
                "php": ">=5.3"
            },
            "type": "library",
            "autoload": {
                "psr-4": {
                    "iRAP\\Autoloader\\": ""
                }
            },
            "notification-url": "https://packagist.org/downloads/",
            "license": [
                "MIT"
            ],
            "authors": [
                {
                    "name": "Stuart Page",
                    "email": "stuart.page@irap.org"
                }
            ],
            "description": "An package to make it easy to autoload code.",
            "homepage": "https://github.com/iRAP-software/package-autoloader",
            "keywords": [
                "autoloader"
            ],
            "support": {
                "issues": "https://github.com/iRAP-software/package-autoloader/issues",
                "source": "https://github.com/iRAP-software/package-autoloader/tree/master"
            },
            "time": "2017-05-25T13:18:47+00:00"
        },
        {
            "name": "irap/multi-query",
            "version": "1.0.4",
            "source": {
                "type": "git",
                "url": "https://github.com/iRAP-software/package-multi-query.git",
                "reference": "007dc726bd59cf623c90fb66653adb86dae62ebd"
            },
            "dist": {
                "type": "zip",
                "url": "https://api.github.com/repos/iRAP-software/package-multi-query/zipball/007dc726bd59cf623c90fb66653adb86dae62ebd",
                "reference": "007dc726bd59cf623c90fb66653adb86dae62ebd",
                "shasum": ""
            },
            "require": {
                "php": ">=5.3.0"
            },
            "type": "library",
            "autoload": {
                "psr-4": {
                    "iRAP\\MultiQuery\\": ""
                }
            },
            "notification-url": "https://packagist.org/downloads/",
            "license": [
                "none"
            ],
            "authors": [
                {
                    "name": "Stuart Page",
                    "email": "stuart.page@irap.org",
                    "homepage": "http://irap.org/",
                    "role": "Developer"
                }
            ],
            "description": "Wrapper object around mysqli to combine queries into one.",
            "homepage": "http://www.irap.org/",
            "keywords": [
                "mysql"
            ],
            "support": {
                "source": "https://github.com/iRAP-software/package-multi-query/tree/changing-tests"
            },
            "time": "2017-06-21T11:35:19+00:00"
        },
        {
            "name": "programster/core-libs",
            "version": "1.7.10",
            "source": {
                "type": "git",
                "url": "https://github.com/programster/package-core-libs.git",
                "reference": "f1d2833e04da8fe1f03dcef35b1eb04c19c774df"
            },
            "dist": {
                "type": "zip",
                "url": "https://api.github.com/repos/programster/package-core-libs/zipball/f1d2833e04da8fe1f03dcef35b1eb04c19c774df",
                "reference": "f1d2833e04da8fe1f03dcef35b1eb04c19c774df",
                "shasum": ""
            },
            "require": {
                "php": ">=7.2.0",
                "thecodingmachine/safe": "^1.0"
            },
            "type": "library",
            "autoload": {
                "psr-4": {
                    "Programster\\CoreLibs\\": "src/"
                }
            },
            "notification-url": "https://packagist.org/downloads/",
            "license": [
                "MIT"
            ],
            "authors": [
                {
                    "name": "Stuart Page",
                    "email": "sdpagent@gamail.com",
                    "homepage": "https://blog.programster.org",
                    "role": "Developer"
                }
            ],
            "description": "Core libraries for PHP 7.0+",
            "homepage": "https://github.com/programster/package-core-libs",
            "keywords": [
                "core",
                "library"
            ],
            "support": {
                "source": "https://github.com/programster/package-core-libs/tree/1.7.10"
            },
            "time": "2020-09-18T11:06:48+00:00"
        },
        {
            "name": "programster/mysqli-lib",
            "version": "1.0.0",
            "source": {
                "type": "git",
                "url": "https://github.com/programster/package-mysqli-lib.git",
                "reference": "a0531181def591e7c62b2eb3fe97d4a447202aae"
            },
            "dist": {
                "type": "zip",
                "url": "https://api.github.com/repos/programster/package-mysqli-lib/zipball/a0531181def591e7c62b2eb3fe97d4a447202aae",
                "reference": "a0531181def591e7c62b2eb3fe97d4a447202aae",
                "shasum": ""
            },
            "require": {
                "ext-mysqli": "*",
                "php": ">=7.2.0"
            },
            "require-dev": {
                "programster/core-libs": "1.7.*"
            },
            "type": "library",
            "autoload": {
                "psr-4": {
                    "Programster\\MysqliLib\\": "src/"
                }
            },
            "notification-url": "https://packagist.org/downloads/",
            "license": [
                "MIT"
            ],
            "authors": [
                {
                    "name": "Stuart Page",
                    "email": "sdpagent@gamail.com",
                    "homepage": "https://blog.programster.org",
                    "role": "Developer"
                }
            ],
            "description": "Library for helping out with MySQL databases.",
            "homepage": "https://github.com/programster/package-mysqli-lib",
            "keywords": [
                "library",
                "mysql"
            ],
            "support": {
                "issues": "https://github.com/programster/package-mysqli-lib/issues",
                "source": "https://github.com/programster/package-mysqli-lib/tree/master"
            },
            "time": "2020-02-24T18:06:18+00:00"
        },
        {
            "name": "thecodingmachine/safe",
            "version": "v1.3.3",
            "source": {
                "type": "git",
                "url": "https://github.com/thecodingmachine/safe.git",
                "reference": "a8ab0876305a4cdaef31b2350fcb9811b5608dbc"
            },
            "dist": {
                "type": "zip",
                "url": "https://api.github.com/repos/thecodingmachine/safe/zipball/a8ab0876305a4cdaef31b2350fcb9811b5608dbc",
                "reference": "a8ab0876305a4cdaef31b2350fcb9811b5608dbc",
                "shasum": ""
            },
            "require": {
                "php": ">=7.2"
            },
            "require-dev": {
                "phpstan/phpstan": "^0.12",
                "squizlabs/php_codesniffer": "^3.2",
                "thecodingmachine/phpstan-strict-rules": "^0.12"
            },
            "type": "library",
            "extra": {
                "branch-alias": {
                    "dev-master": "0.1-dev"
                }
            },
            "autoload": {
                "files": [
                    "deprecated/apc.php",
                    "deprecated/libevent.php",
                    "deprecated/mssql.php",
                    "deprecated/stats.php",
                    "lib/special_cases.php",
                    "generated/apache.php",
                    "generated/apcu.php",
                    "generated/array.php",
                    "generated/bzip2.php",
                    "generated/calendar.php",
                    "generated/classobj.php",
                    "generated/com.php",
                    "generated/cubrid.php",
                    "generated/curl.php",
                    "generated/datetime.php",
                    "generated/dir.php",
                    "generated/eio.php",
                    "generated/errorfunc.php",
                    "generated/exec.php",
                    "generated/fileinfo.php",
                    "generated/filesystem.php",
                    "generated/filter.php",
                    "generated/fpm.php",
                    "generated/ftp.php",
                    "generated/funchand.php",
                    "generated/gmp.php",
                    "generated/gnupg.php",
                    "generated/hash.php",
                    "generated/ibase.php",
                    "generated/ibmDb2.php",
                    "generated/iconv.php",
                    "generated/image.php",
                    "generated/imap.php",
                    "generated/info.php",
                    "generated/ingres-ii.php",
                    "generated/inotify.php",
                    "generated/json.php",
                    "generated/ldap.php",
                    "generated/libxml.php",
                    "generated/lzf.php",
                    "generated/mailparse.php",
                    "generated/mbstring.php",
                    "generated/misc.php",
                    "generated/msql.php",
                    "generated/mysql.php",
                    "generated/mysqli.php",
                    "generated/mysqlndMs.php",
                    "generated/mysqlndQc.php",
                    "generated/network.php",
                    "generated/oci8.php",
                    "generated/opcache.php",
                    "generated/openssl.php",
                    "generated/outcontrol.php",
                    "generated/password.php",
                    "generated/pcntl.php",
                    "generated/pcre.php",
                    "generated/pdf.php",
                    "generated/pgsql.php",
                    "generated/posix.php",
                    "generated/ps.php",
                    "generated/pspell.php",
                    "generated/readline.php",
                    "generated/rpminfo.php",
                    "generated/rrd.php",
                    "generated/sem.php",
                    "generated/session.php",
                    "generated/shmop.php",
                    "generated/simplexml.php",
                    "generated/sockets.php",
                    "generated/sodium.php",
                    "generated/solr.php",
                    "generated/spl.php",
                    "generated/sqlsrv.php",
                    "generated/ssdeep.php",
                    "generated/ssh2.php",
                    "generated/stream.php",
                    "generated/strings.php",
                    "generated/swoole.php",
                    "generated/uodbc.php",
                    "generated/uopz.php",
                    "generated/url.php",
                    "generated/var.php",
                    "generated/xdiff.php",
                    "generated/xml.php",
                    "generated/xmlrpc.php",
                    "generated/yaml.php",
                    "generated/yaz.php",
                    "generated/zip.php",
                    "generated/zlib.php"
                ],
                "psr-4": {
                    "Safe\\": [
                        "lib/",
                        "deprecated/",
                        "generated/"
                    ]
                }
            },
            "notification-url": "https://packagist.org/downloads/",
            "license": [
                "MIT"
            ],
            "description": "PHP core functions that throw exceptions instead of returning FALSE on error",
            "support": {
                "issues": "https://github.com/thecodingmachine/safe/issues",
                "source": "https://github.com/thecodingmachine/safe/tree/v1.3.3"
            },
            "time": "2020-10-28T17:51:34+00:00"
        }
    ],
    "packages-dev": [],
    "aliases": [],
    "minimum-stability": "stable",
    "stability-flags": [],
    "prefer-stable": false,
    "prefer-lowest": false,
    "platform": {
        "php": ">=7.2.0",
        "ext-mysqli": "*"
    },
    "platform-dev": [],
    "plugin-api-version": "2.2.0"
}
